
Microsoft Visual Studio Solution File, Format Version 12.00
# Visual Studio Version 17
VisualStudioVersion = 17.9.34728.123
MinimumVisualStudioVersion = 10.0.40219.1
Project("{FAE04EC0-301F-11D3-BF4B-00C04F79EFBC}") = "StudyCS", "StudyCS\StudyCS.csproj", "{D5DF5547-F8A5-4313-8F4C-CFCB70624F4E}"
EndProject
Global
	GlobalSection(SolutionConfigurationPlatforms) = preSolution
		Debug|Any CPU = Debug|Any CPU
		Release|Any CPU = Release|Any CPU
	EndGlobalSection
	GlobalSection(ProjectConfigurationPlatforms) = postSolution
		{D5DF5547-F8A5-4313-8F4C-CFCB70624F4E}.Debug|Any CPU.ActiveCfg = Debug|Any CPU
		{D5DF5547-F8A5-4313-8F4C-CFCB70624F4E}.Debug|Any CPU.Build.0 = Debug|Any CPU
		{D5DF5547-F8A5-4313-8F4C-CFCB70624F4E}.Release|Any CPU.ActiveCfg = Release|Any CPU
		{D5DF5547-F8A5-4313-8F4C-CFCB70624F4E}.Release|Any CPU.Build.0 = Release|Any CPU
	EndGlobalSection
	GlobalSection(SolutionProperties) = preSolution
		HideSolutionNode = FALSE
	EndGlobalSection
	GlobalSection(ExtensibilityGlobals) = postSolution
		SolutionGuid = {65D04CAF-577B-4205-8CD9-644BDE8B52EA}
	EndGlobalSection
EndGlobal
