
Microsoft Visual Studio Solution File, Format Version 12.00
# Visual Studio Version 17
VisualStudioVersion = 17.9.34728.123
MinimumVisualStudioVersion = 10.0.40219.1
Project("{9A19103F-16F7-4668-BE54-9A1E7A4F7556}") = "StudyCS", "StudyCS\StudyCS.csproj", "{D5DF5547-F8A5-4313-8F4C-CFCB70624F4E}"
EndProject
Project("{9A19103F-16F7-4668-BE54-9A1E7A4F7556}") = "StudyCS2", "StudyCS2\StudyCS2.csproj", "{11A01872-225F-47E3-9A29-AAA4D096E6C5}"
EndProject
Project("{9A19103F-16F7-4668-BE54-9A1E7A4F7556}") = "MemberForms", "MemberForms\MemberForms.csproj", "{9C13E802-CB58-4462-9CD7-DBD4B2575036}"
EndProject
Project("{9A19103F-16F7-4668-BE54-9A1E7A4F7556}") = "ExampleMVP", "ExampleMVP\ExampleMVP.csproj", "{0EEE9B41-2EB4-4975-B917-A8C32A750FE9}"
EndProject
Project("{9A19103F-16F7-4668-BE54-9A1E7A4F7556}") = "StudyLINQ", "StudyLINQ2SQL\StudyLINQ.csproj", "{F9AFE312-99BB-4829-B1E8-DF4ACB693796}"
EndProject
Project("{9A19103F-16F7-4668-BE54-9A1E7A4F7556}") = "StudyNetwork", "StudyNetwork\StudyNetwork.csproj", "{6A13CDE2-08CC-45B2-834F-F475297D7E41}"
EndProject
Project("{9A19103F-16F7-4668-BE54-9A1E7A4F7556}") = "TcpServer", "TcpServer\TcpServer.csproj", "{1EB1526A-A762-4AFB-AAEE-82531201D8BD}"
EndProject
Project("{9A19103F-16F7-4668-BE54-9A1E7A4F7556}") = "StudyAsync", "StudyAsync\StudyAsync.csproj", "{95483841-3710-4742-BE44-264FFC36235E}"
EndProject
Project("{FAE04EC0-301F-11D3-BF4B-00C04F79EFBC}") = "StudyIO", "StudyIO\StudyIO.csproj", "{3166F849-6E3A-4036-BFEB-68D091F82CD5}"
EndProject
Global
	GlobalSection(SolutionConfigurationPlatforms) = preSolution
		Debug|Any CPU = Debug|Any CPU
		Release|Any CPU = Release|Any CPU
	EndGlobalSection
	GlobalSection(ProjectConfigurationPlatforms) = postSolution
		{D5DF5547-F8A5-4313-8F4C-CFCB70624F4E}.Debug|Any CPU.ActiveCfg = Debug|Any CPU
		{D5DF5547-F8A5-4313-8F4C-CFCB70624F4E}.Debug|Any CPU.Build.0 = Debug|Any CPU
		{D5DF5547-F8A5-4313-8F4C-CFCB70624F4E}.Release|Any CPU.ActiveCfg = Release|Any CPU
		{D5DF5547-F8A5-4313-8F4C-CFCB70624F4E}.Release|Any CPU.Build.0 = Release|Any CPU
		{11A01872-225F-47E3-9A29-AAA4D096E6C5}.Debug|Any CPU.ActiveCfg = Debug|Any CPU
		{11A01872-225F-47E3-9A29-AAA4D096E6C5}.Debug|Any CPU.Build.0 = Debug|Any CPU
		{11A01872-225F-47E3-9A29-AAA4D096E6C5}.Release|Any CPU.ActiveCfg = Release|Any CPU
		{11A01872-225F-47E3-9A29-AAA4D096E6C5}.Release|Any CPU.Build.0 = Release|Any CPU
		{9C13E802-CB58-4462-9CD7-DBD4B2575036}.Debug|Any CPU.ActiveCfg = Debug|Any CPU
		{9C13E802-CB58-4462-9CD7-DBD4B2575036}.Debug|Any CPU.Build.0 = Debug|Any CPU
		{9C13E802-CB58-4462-9CD7-DBD4B2575036}.Release|Any CPU.ActiveCfg = Release|Any CPU
		{9C13E802-CB58-4462-9CD7-DBD4B2575036}.Release|Any CPU.Build.0 = Release|Any CPU
		{0EEE9B41-2EB4-4975-B917-A8C32A750FE9}.Debug|Any CPU.ActiveCfg = Debug|Any CPU
		{0EEE9B41-2EB4-4975-B917-A8C32A750FE9}.Debug|Any CPU.Build.0 = Debug|Any CPU
		{0EEE9B41-2EB4-4975-B917-A8C32A750FE9}.Release|Any CPU.ActiveCfg = Release|Any CPU
		{0EEE9B41-2EB4-4975-B917-A8C32A750FE9}.Release|Any CPU.Build.0 = Release|Any CPU
		{F9AFE312-99BB-4829-B1E8-DF4ACB693796}.Debug|Any CPU.ActiveCfg = Debug|Any CPU
		{F9AFE312-99BB-4829-B1E8-DF4ACB693796}.Debug|Any CPU.Build.0 = Debug|Any CPU
		{F9AFE312-99BB-4829-B1E8-DF4ACB693796}.Release|Any CPU.ActiveCfg = Release|Any CPU
		{F9AFE312-99BB-4829-B1E8-DF4ACB693796}.Release|Any CPU.Build.0 = Release|Any CPU
		{6A13CDE2-08CC-45B2-834F-F475297D7E41}.Debug|Any CPU.ActiveCfg = Debug|Any CPU
		{6A13CDE2-08CC-45B2-834F-F475297D7E41}.Debug|Any CPU.Build.0 = Debug|Any CPU
		{6A13CDE2-08CC-45B2-834F-F475297D7E41}.Release|Any CPU.ActiveCfg = Release|Any CPU
		{6A13CDE2-08CC-45B2-834F-F475297D7E41}.Release|Any CPU.Build.0 = Release|Any CPU
		{1EB1526A-A762-4AFB-AAEE-82531201D8BD}.Debug|Any CPU.ActiveCfg = Debug|Any CPU
		{1EB1526A-A762-4AFB-AAEE-82531201D8BD}.Debug|Any CPU.Build.0 = Debug|Any CPU
		{1EB1526A-A762-4AFB-AAEE-82531201D8BD}.Release|Any CPU.ActiveCfg = Release|Any CPU
		{1EB1526A-A762-4AFB-AAEE-82531201D8BD}.Release|Any CPU.Build.0 = Release|Any CPU
		{95483841-3710-4742-BE44-264FFC36235E}.Debug|Any CPU.ActiveCfg = Debug|Any CPU
		{95483841-3710-4742-BE44-264FFC36235E}.Debug|Any CPU.Build.0 = Debug|Any CPU
		{95483841-3710-4742-BE44-264FFC36235E}.Release|Any CPU.ActiveCfg = Release|Any CPU
		{95483841-3710-4742-BE44-264FFC36235E}.Release|Any CPU.Build.0 = Release|Any CPU
		{3166F849-6E3A-4036-BFEB-68D091F82CD5}.Debug|Any CPU.ActiveCfg = Debug|Any CPU
		{3166F849-6E3A-4036-BFEB-68D091F82CD5}.Debug|Any CPU.Build.0 = Debug|Any CPU
		{3166F849-6E3A-4036-BFEB-68D091F82CD5}.Release|Any CPU.ActiveCfg = Release|Any CPU
		{3166F849-6E3A-4036-BFEB-68D091F82CD5}.Release|Any CPU.Build.0 = Release|Any CPU
	EndGlobalSection
	GlobalSection(SolutionProperties) = preSolution
		HideSolutionNode = FALSE
	EndGlobalSection
	GlobalSection(ExtensibilityGlobals) = postSolution
		SolutionGuid = {65D04CAF-577B-4205-8CD9-644BDE8B52EA}
	EndGlobalSection
EndGlobal
